// !$*UTF8*$!
{
	archiveVersion = 1;
	classes = {
	};
	objectVersion = 50;
	objects = {

/* Begin PBXBuildFile section */
		229D252D2503F29100A0CEC2 /* ImagePicker.swift in Sources */ = {isa = PBXBuildFile; fileRef = 229D252C2503F29100A0CEC2 /* ImagePicker.swift */; };
		22B5C97A25037DE70009CA35 /* AppDelegate.swift in Sources */ = {isa = PBXBuildFile; fileRef = 22B5C97925037DE70009CA35 /* AppDelegate.swift */; };
		22B5C97C25037DE70009CA35 /* SceneDelegate.swift in Sources */ = {isa = PBXBuildFile; fileRef = 22B5C97B25037DE70009CA35 /* SceneDelegate.swift */; };
		22B5C97E25037DE70009CA35 /* ContentView.swift in Sources */ = {isa = PBXBuildFile; fileRef = 22B5C97D25037DE70009CA35 /* ContentView.swift */; };
		22B5C98025037DE80009CA35 /* Assets.xcassets in Resources */ = {isa = PBXBuildFile; fileRef = 22B5C97F25037DE80009CA35 /* Assets.xcassets */; };
		22B5C98325037DE80009CA35 /* Preview Assets.xcassets in Resources */ = {isa = PBXBuildFile; fileRef = 22B5C98225037DE80009CA35 /* Preview Assets.xcassets */; };
		22B5C98625037DE80009CA35 /* LaunchScreen.storyboard in Resources */ = {isa = PBXBuildFile; fileRef = 22B5C98425037DE80009CA35 /* LaunchScreen.storyboard */; };
		22B5C98E25037F980009CA35 /* Face.swift in Sources */ = {isa = PBXBuildFile; fileRef = 22B5C98D25037F980009CA35 /* Face.swift */; };
		22B5C990250384E90009CA35 /* EditView.swift in Sources */ = {isa = PBXBuildFile; fileRef = 22B5C98F250384E90009CA35 /* EditView.swift */; };
/* End PBXBuildFile section */

/* Begin PBXFileReference section */
		229D252C2503F29100A0CEC2 /* ImagePicker.swift */ = {isa = PBXFileReference; lastKnownFileType = sourcecode.swift; path = ImagePicker.swift; sourceTree = "<group>"; };
		22B5C97625037DE70009CA35 /* Faces.app */ = {isa = PBXFileReference; explicitFileType = wrapper.application; includeInIndex = 0; path = Faces.app; sourceTree = BUILT_PRODUCTS_DIR; };
		22B5C97925037DE70009CA35 /* AppDelegate.swift */ = {isa = PBXFileReference; lastKnownFileType = sourcecode.swift; path = AppDelegate.swift; sourceTree = "<group>"; };
		22B5C97B25037DE70009CA35 /* SceneDelegate.swift */ = {isa = PBXFileReference; lastKnownFileType = sourcecode.swift; path = SceneDelegate.swift; sourceTree = "<group>"; };
		22B5C97D25037DE70009CA35 /* ContentView.swift */ = {isa = PBXFileReference; lastKnownFileType = sourcecode.swift; path = ContentView.swift; sourceTree = "<group>"; };
		22B5C97F25037DE80009CA35 /* Assets.xcassets */ = {isa = PBXFileReference; lastKnownFileType = folder.assetcatalog; path = Assets.xcassets; sourceTree = "<group>"; };
		22B5C98225037DE80009CA35 /* Preview Assets.xcassets */ = {isa = PBXFileReference; lastKnownFileType = folder.assetcatalog; path = "Preview Assets.xcassets"; sourceTree = "<group>"; };
		22B5C98525037DE80009CA35 /* Base */ = {isa = PBXFileReference; lastKnownFileType = file.storyboard; name = Base; path = Base.lproj/LaunchScreen.storyboard; sourceTree = "<group>"; };
		22B5C98725037DE80009CA35 /* Info.plist */ = {isa = PBXFileReference; lastKnownFileType = text.plist.xml; path = Info.plist; sourceTree = "<group>"; };
		22B5C98D25037F980009CA35 /* Face.swift */ = {isa = PBXFileReference; lastKnownFileType = sourcecode.swift; path = Face.swift; sourceTree = "<group>"; };
		22B5C98F250384E90009CA35 /* EditView.swift */ = {isa = PBXFileReference; lastKnownFileType = sourcecode.swift; path = EditView.swift; sourceTree = "<group>"; };
/* End PBXFileReference section */

/* Begin PBXFrameworksBuildPhase section */
		22B5C97325037DE70009CA35 /* Frameworks */ = {
			isa = PBXFrameworksBuildPhase;
			buildActionMask = 2147483647;
			files = (
			);
			runOnlyForDeploymentPostprocessing = 0;
		};
/* End PBXFrameworksBuildPhase section */

/* Begin PBXGroup section */
		22B5C96D25037DE70009CA35 = {
			isa = PBXGroup;
			children = (
				22B5C97825037DE70009CA35 /* Faces */,
				22B5C97725037DE70009CA35 /* Products */,
			);
			sourceTree = "<group>";
		};
		22B5C97725037DE70009CA35 /* Products */ = {
			isa = PBXGroup;
			children = (
				22B5C97625037DE70009CA35 /* Faces.app */,
			);
			name = Products;
			sourceTree = "<group>";
		};
		22B5C97825037DE70009CA35 /* Faces */ = {
			isa = PBXGroup;
			children = (
				22B5C97925037DE70009CA35 /* AppDelegate.swift */,
				22B5C97B25037DE70009CA35 /* SceneDelegate.swift */,
				229D252C2503F29100A0CEC2 /* ImagePicker.swift */,
				22B5C98F250384E90009CA35 /* EditView.swift */,
				22B5C97D25037DE70009CA35 /* ContentView.swift */,
				22B5C97F25037DE80009CA35 /* Assets.xcassets */,
				22B5C98425037DE80009CA35 /* LaunchScreen.storyboard */,
				22B5C98725037DE80009CA35 /* Info.plist */,
				22B5C98125037DE80009CA35 /* Preview Content */,
				22B5C98D25037F980009CA35 /* Face.swift */,
			);
			path = Faces;
			sourceTree = "<group>";
		};
		22B5C98125037DE80009CA35 /* Preview Content */ = {
			isa = PBXGroup;
			children = (
				22B5C98225037DE80009CA35 /* Preview Assets.xcassets */,
			);
			path = "Preview Content";
			sourceTree = "<group>";
		};
/* End PBXGroup section */

/* Begin PBXNativeTarget section */
		22B5C97525037DE70009CA35 /* Faces */ = {
			isa = PBXNativeTarget;
			buildConfigurationList = 22B5C98A25037DE80009CA35 /* Build configuration list for PBXNativeTarget "Faces" */;
			buildPhases = (
				22B5C97225037DE70009CA35 /* Sources */,
				22B5C97325037DE70009CA35 /* Frameworks */,
				22B5C97425037DE70009CA35 /* Resources */,
			);
			buildRules = (
			);
			dependencies = (
			);
			name = Faces;
			productName = Faces;
			productReference = 22B5C97625037DE70009CA35 /* Faces.app */;
			productType = "com.apple.product-type.application";
		};
/* End PBXNativeTarget section */

/* Begin PBXProject section */
		22B5C96E25037DE70009CA35 /* Project object */ = {
			isa = PBXProject;
			attributes = {
				LastSwiftUpdateCheck = 1170;
				LastUpgradeCheck = 1170;
				ORGANIZATIONNAME = "Subhrajyoti Chakraborty";
				TargetAttributes = {
					22B5C97525037DE70009CA35 = {
						CreatedOnToolsVersion = 11.7;
					};
				};
			};
			buildConfigurationList = 22B5C97125037DE70009CA35 /* Build configuration list for PBXProject "Faces" */;
			compatibilityVersion = "Xcode 9.3";
			developmentRegion = en;
			hasScannedForEncodings = 0;
			knownRegions = (
				en,
				Base,
			);
			mainGroup = 22B5C96D25037DE70009CA35;
			productRefGroup = 22B5C97725037DE70009CA35 /* Products */;
			projectDirPath = "";
			projectRoot = "";
			targets = (
				22B5C97525037DE70009CA35 /* Faces */,
			);
		};
/* End PBXProject section */

/* Begin PBXResourcesBuildPhase section */
		22B5C97425037DE70009CA35 /* Resources */ = {
			isa = PBXResourcesBuildPhase;
			buildActionMask = 2147483647;
			files = (
				22B5C98625037DE80009CA35 /* LaunchScreen.storyboard in Resources */,
				22B5C98325037DE80009CA35 /* Preview Assets.xcassets in Resources */,
				22B5C98025037DE80009CA35 /* Assets.xcassets in Resources */,
			);
			runOnlyForDeploymentPostprocessing = 0;
		};
/* End PBXResourcesBuildPhase section */

/* Begin PBXSourcesBuildPhase section */
		22B5C97225037DE70009CA35 /* Sources */ = {
			isa = PBXSourcesBuildPhase;
			buildActionMask = 2147483647;
			files = (
				22B5C98E25037F980009CA35 /* Face.swift in Sources */,
				22B5C990250384E90009CA35 /* EditView.swift in Sources */,
				22B5C97A25037DE70009CA35 /* AppDelegate.swift in Sources */,
				229D252D2503F29100A0CEC2 /* ImagePicker.swift in Sources */,
				22B5C97C25037DE70009CA35 /* SceneDelegate.swift in Sources */,
				22B5C97E25037DE70009CA35 /* ContentView.swift in Sources */,
			);
			runOnlyForDeploymentPostprocessing = 0;
		};
/* End PBXSourcesBuildPhase section */

/* Begin PBXVariantGroup section */
		22B5C98425037DE80009CA35 /* LaunchScreen.storyboard */ = {
			isa = PBXVariantGroup;
			children = (
				22B5C98525037DE80009CA35 /* Base */,
			);
			name = LaunchScreen.storyboard;
			sourceTree = "<group>";
		};
/* End PBXVariantGroup section */

/* Begin XCBuildConfiguration section */
		22B5C98825037DE80009CA35 /* Debug */ = {
			isa = XCBuildConfiguration;
			buildSettings = {
				ALWAYS_SEARCH_USER_PATHS = NO;
				CLANG_ANALYZER_NONNULL = YES;
				CLANG_ANALYZER_NUMBER_OBJECT_CONVERSION = YES_AGGRESSIVE;
				CLANG_CXX_LANGUAGE_STANDARD = "gnu++14";
				CLANG_CXX_LIBRARY = "libc++";
				CLANG_ENABLE_MODULES = YES;
				CLANG_ENABLE_OBJC_ARC = YES;
				CLANG_ENABLE_OBJC_WEAK = YES;
				CLANG_WARN_BLOCK_CAPTURE_AUTORELEASING = YES;
				CLANG_WARN_BOOL_CONVERSION = YES;
				CLANG_WARN_COMMA = YES;
				CLANG_WARN_CONSTANT_CONVERSION = YES;
				CLANG_WARN_DEPRECATED_OBJC_IMPLEMENTATIONS = YES;
				CLANG_WARN_DIRECT_OBJC_ISA_USAGE = YES_ERROR;
				CLANG_WARN_DOCUMENTATION_COMMENTS = YES;
				CLANG_WARN_EMPTY_BODY = YES;
				CLANG_WARN_ENUM_CONVERSION = YES;
				CLANG_WARN_INFINITE_RECURSION = YES;
				CLANG_WARN_INT_CONVERSION = YES;
				CLANG_WARN_NON_LITERAL_NULL_CONVERSION = YES;
				CLANG_WARN_OBJC_IMPLICIT_RETAIN_SELF = YES;
				CLANG_WARN_OBJC_LITERAL_CONVERSION = YES;
				CLANG_WARN_OBJC_ROOT_CLASS = YES_ERROR;
				CLANG_WARN_RANGE_LOOP_ANALYSIS = YES;
				CLANG_WARN_STRICT_PROTOTYPES = YES;
				CLANG_WARN_SUSPICIOUS_MOVE = YES;
				CLANG_WARN_UNGUARDED_AVAILABILITY = YES_AGGRESSIVE;
				CLANG_WARN_UNREACHABLE_CODE = YES;
				CLANG_WARN__DUPLICATE_METHOD_MATCH = YES;
				COPY_PHASE_STRIP = NO;
				DEBUG_INFORMATION_FORMAT = dwarf;
				ENABLE_STRICT_OBJC_MSGSEND = YES;
				ENABLE_TESTABILITY = YES;
				GCC_C_LANGUAGE_STANDARD = gnu11;
				GCC_DYNAMIC_NO_PIC = NO;
				GCC_NO_COMMON_BLOCKS = YES;
				GCC_OPTIMIZATION_LEVEL = 0;
				GCC_PREPROCESSOR_DEFINITIONS = (
					"DEBUG=1",
					"$(inherited)",
				);
				GCC_WARN_64_TO_32_BIT_CONVERSION = YES;
				GCC_WARN_ABOUT_RETURN_TYPE = YES_ERROR;
				GCC_WARN_UNDECLARED_SELECTOR = YES;
				GCC_WARN_UNINITIALIZED_AUTOS = YES_AGGRESSIVE;
				GCC_WARN_UNUSED_FUNCTION = YES;
				GCC_WARN_UNUSED_VARIABLE = YES;
				IPHONEOS_DEPLOYMENT_TARGET = 13.7;
				MTL_ENABLE_DEBUG_INFO = INCLUDE_SOURCE;
				MTL_FAST_MATH = YES;
				ONLY_ACTIVE_ARCH = YES;
				SDKROOT = iphoneos;
				SWIFT_ACTIVE_COMPILATION_CONDITIONS = DEBUG;
				SWIFT_OPTIMIZATION_LEVEL = "-Onone";
			};
			name = Debug;
		};
		22B5C98925037DE80009CA35 /* Release */ = {
			isa = XCBuildConfiguration;
			buildSettings = {
				ALWAYS_SEARCH_USER_PATHS = NO;
				CLANG_ANALYZER_NONNULL = YES;
				CLANG_ANALYZER_NUMBER_OBJECT_CONVERSION = YES_AGGRESSIVE;
				CLANG_CXX_LANGUAGE_STANDARD = "gnu++14";
				CLANG_CXX_LIBRARY = "libc++";
				CLANG_ENABLE_MODULES = YES;
				CLANG_ENABLE_OBJC_ARC = YES;
				CLANG_ENABLE_OBJC_WEAK = YES;
				CLANG_WARN_BLOCK_CAPTURE_AUTORELEASING = YES;
				CLANG_WARN_BOOL_CONVERSION = YES;
				CLANG_WARN_COMMA = YES;
				CLANG_WARN_CONSTANT_CONVERSION = YES;
				CLANG_WARN_DEPRECATED_OBJC_IMPLEMENTATIONS = YES;
				CLANG_WARN_DIRECT_OBJC_ISA_USAGE = YES_ERROR;
				CLANG_WARN_DOCUMENTATION_COMMENTS = YES;
				CLANG_WARN_EMPTY_BODY = YES;
				CLANG_WARN_ENUM_CONVERSION = YES;
				CLANG_WARN_INFINITE_RECURSION = YES;
				CLANG_WARN_INT_CONVERSION = YES;
				CLANG_WARN_NON_LITERAL_NULL_CONVERSION = YES;
				CLANG_WARN_OBJC_IMPLICIT_RETAIN_SELF = YES;
				CLANG_WARN_OBJC_LITERAL_CONVERSION = YES;
				CLANG_WARN_OBJC_ROOT_CLASS = YES_ERROR;
				CLANG_WARN_RANGE_LOOP_ANALYSIS = YES;
				CLANG_WARN_STRICT_PROTOTYPES = YES;
				CLANG_WARN_SUSPICIOUS_MOVE = YES;
				CLANG_WARN_UNGUARDED_AVAILABILITY = YES_AGGRESSIVE;
				CLANG_WARN_UNREACHABLE_CODE = YES;
				CLANG_WARN__DUPLICATE_METHOD_MATCH = YES;
				COPY_PHASE_STRIP = NO;
				DEBUG_INFORMATION_FORMAT = "dwarf-with-dsym";
				ENABLE_NS_ASSERTIONS = NO;
				ENABLE_STRICT_OBJC_MSGSEND = YES;
				GCC_C_LANGUAGE_STANDARD = gnu11;
				GCC_NO_COMMON_BLOCKS = YES;
				GCC_WARN_64_TO_32_BIT_CONVERSION = YES;
				GCC_WARN_ABOUT_RETURN_TYPE = YES_ERROR;
				GCC_WARN_UNDECLARED_SELECTOR = YES;
				GCC_WARN_UNINITIALIZED_AUTOS = YES_AGGRESSIVE;
				GCC_WARN_UNUSED_FUNCTION = YES;
				GCC_WARN_UNUSED_VARIABLE = YES;
				IPHONEOS_DEPLOYMENT_TARGET = 13.7;
				MTL_ENABLE_DEBUG_INFO = NO;
				MTL_FAST_MATH = YES;
				SDKROOT = iphoneos;
				SWIFT_COMPILATION_MODE = wholemodule;
				SWIFT_OPTIMIZATION_LEVEL = "-O";
				VALIDATE_PRODUCT = YES;
			};
			name = Release;
		};
		22B5C98B25037DE80009CA35 /* Debug */ = {
			isa = XCBuildConfiguration;
			buildSettings = {
				ASSETCATALOG_COMPILER_APPICON_NAME = AppIcon;
				CODE_SIGN_STYLE = Automatic;
				DEVELOPMENT_ASSET_PATHS = "\"Faces/Preview Content\"";
				ENABLE_PREVIEWS = YES;
				INFOPLIST_FILE = Faces/Info.plist;
				LD_RUNPATH_SEARCH_PATHS = (
					"$(inherited)",
					"@executable_path/Frameworks",
				);
				PRODUCT_BUNDLE_IDENTIFIER = com.subha.Faces;
				PRODUCT_NAME = "$(TARGET_NAME)";
				SWIFT_VERSION = 5.0;
				TARGETED_DEVICE_FAMILY = "1,2";
			};
			name = Debug;
		};
		22B5C98C25037DE80009CA35 /* Release */ = {
			isa = XCBuildConfiguration;
			buildSettings = {
				ASSETCATALOG_COMPILER_APPICON_NAME = AppIcon;
				CODE_SIGN_STYLE = Automatic;
				DEVELOPMENT_ASSET_PATHS = "\"Faces/Preview Content\"";
				ENABLE_PREVIEWS = YES;
				INFOPLIST_FILE = Faces/Info.plist;
				LD_RUNPATH_SEARCH_PATHS = (
					"$(inherited)",
					"@executable_path/Frameworks",
				);
				PRODUCT_BUNDLE_IDENTIFIER = com.subha.Faces;
				PRODUCT_NAME = "$(TARGET_NAME)";
				SWIFT_VERSION = 5.0;
				TARGETED_DEVICE_FAMILY = "1,2";
			};
			name = Release;
		};
/* End XCBuildConfiguration section */

/* Begin XCConfigurationList section */
		22B5C97125037DE70009CA35 /* Build configuration list for PBXProject "Faces" */ = {
			isa = XCConfigurationList;
			buildConfigurations = (
				22B5C98825037DE80009CA35 /* Debug */,
				22B5C98925037DE80009CA35 /* Release */,
			);
			defaultConfigurationIsVisible = 0;
			defaultConfigurationName = Release;
		};
		22B5C98A25037DE80009CA35 /* Build configuration list for PBXNativeTarget "Faces" */ = {
			isa = XCConfigurationList;
			buildConfigurations = (
				22B5C98B25037DE80009CA35 /* Debug */,
				22B5C98C25037DE80009CA35 /* Release */,
			);
			defaultConfigurationIsVisible = 0;
			defaultConfigurationName = Release;
		};
/* End XCConfigurationList section */
	};
	rootObject = 22B5C96E25037DE70009CA35 /* Project object */;
}
